// !$*UTF8*$!
{
	archiveVersion = 1;
	classes = {
	};
	objectVersion = 50;
	objects = {

/* Begin PBXBuildFile section */
		18AD92CD21EF61BD00C0D0C4 /* AppDelegate.swift in Sources */ = {isa = PBXBuildFile; fileRef = 18AD92CC21EF61BD00C0D0C4 /* AppDelegate.swift */; };
		18AD92D421EF61BE00C0D0C4 /* Assets.xcassets in Resources */ = {isa = PBXBuildFile; fileRef = 18AD92D321EF61BE00C0D0C4 /* Assets.xcassets */; };
		18AD92D721EF61BE00C0D0C4 /* LaunchScreen.storyboard in Resources */ = {isa = PBXBuildFile; fileRef = 18AD92D521EF61BE00C0D0C4 /* LaunchScreen.storyboard */; };
		18AD92E221EF61BE00C0D0C4 /* TransactionsTests.swift in Sources */ = {isa = PBXBuildFile; fileRef = 18AD92E121EF61BE00C0D0C4 /* TransactionsTests.swift */; };
		18AD92F421EF65F300C0D0C4 /* TransactionsListViewController.swift in Sources */ = {isa = PBXBuildFile; fileRef = 18AD92F221EF65F300C0D0C4 /* TransactionsListViewController.swift */; };
		18AD92F521EF65F300C0D0C4 /* TransactionsListViewController.xib in Resources */ = {isa = PBXBuildFile; fileRef = 18AD92F321EF65F300C0D0C4 /* TransactionsListViewController.xib */; };
		18AD92F921EF864600C0D0C4 /* BalanceItemCell.swift in Sources */ = {isa = PBXBuildFile; fileRef = 18AD92F721EF864600C0D0C4 /* BalanceItemCell.swift */; };
		18AD92FA21EF864600C0D0C4 /* BalanceItemCell.xib in Resources */ = {isa = PBXBuildFile; fileRef = 18AD92F821EF864600C0D0C4 /* BalanceItemCell.xib */; };
		18AD92FF21F0094F00C0D0C4 /* TransactionsWorker.swift in Sources */ = {isa = PBXBuildFile; fileRef = 18AD92FE21F0094F00C0D0C4 /* TransactionsWorker.swift */; };
		18AD930221F09C1500C0D0C4 /* TransactionsAPI.swift in Sources */ = {isa = PBXBuildFile; fileRef = 18AD930121F09C1500C0D0C4 /* TransactionsAPI.swift */; };
		18AD930421F09C4C00C0D0C4 /* GrenericResponse.swift in Sources */ = {isa = PBXBuildFile; fileRef = 18AD930321F09C4C00C0D0C4 /* GrenericResponse.swift */; };
		18AD930621F09C6E00C0D0C4 /* TransactionsAPIError.swift in Sources */ = {isa = PBXBuildFile; fileRef = 18AD930521F09C6E00C0D0C4 /* TransactionsAPIError.swift */; };
		18AD930921F0B31600C0D0C4 /* Constants.swift in Sources */ = {isa = PBXBuildFile; fileRef = 18AD930821F0B31600C0D0C4 /* Constants.swift */; };
		18DC133B21F0F72900A8436C /* Transaction.swift in Sources */ = {isa = PBXBuildFile; fileRef = 18DC133A21F0F72900A8436C /* Transaction.swift */; };
		18DC133F21F0FB7600A8436C /* TransactionListInteractor.swift in Sources */ = {isa = PBXBuildFile; fileRef = 18DC133E21F0FB7600A8436C /* TransactionListInteractor.swift */; };
		18DC134121F0FEE300A8436C /* TransactionListPresenter.swift in Sources */ = {isa = PBXBuildFile; fileRef = 18DC134021F0FEE300A8436C /* TransactionListPresenter.swift */; };
		18DC134321F1395100A8436C /* TransactionList.swift in Sources */ = {isa = PBXBuildFile; fileRef = 18DC134221F1395100A8436C /* TransactionList.swift */; };
		18DC134521F1563000A8436C /* TransactionAppRouter.swift in Sources */ = {isa = PBXBuildFile; fileRef = 18DC134421F1563000A8436C /* TransactionAppRouter.swift */; };
		18DC134A21F159EC00A8436C /* TransactionDetailsViewController.swift in Sources */ = {isa = PBXBuildFile; fileRef = 18DC134821F159EC00A8436C /* TransactionDetailsViewController.swift */; };
		18DC134B21F159EC00A8436C /* TransactionDetailsViewController.xib in Resources */ = {isa = PBXBuildFile; fileRef = 18DC134921F159EC00A8436C /* TransactionDetailsViewController.xib */; };
		18DC135221F16CCC00A8436C /* ProfileViewController.swift in Sources */ = {isa = PBXBuildFile; fileRef = 18DC135021F16CCC00A8436C /* ProfileViewController.swift */; };
		18DC135321F16CCC00A8436C /* ProfileViewController.xib in Resources */ = {isa = PBXBuildFile; fileRef = 18DC135121F16CCC00A8436C /* ProfileViewController.xib */; };
		18DC135521F16FEA00A8436C /* ProfilePresenter.swift in Sources */ = {isa = PBXBuildFile; fileRef = 18DC135421F16FEA00A8436C /* ProfilePresenter.swift */; };
		18DC135821F1707E00A8436C /* UserInfo.swift in Sources */ = {isa = PBXBuildFile; fileRef = 18DC135721F1707E00A8436C /* UserInfo.swift */; };
		18DC135A21F173C100A8436C /* ProfileInteractor.swift in Sources */ = {isa = PBXBuildFile; fileRef = 18DC135921F173C100A8436C /* ProfileInteractor.swift */; };
		18DC135D21F1FEE100A8436C /* UIView+Extensions.swift in Sources */ = {isa = PBXBuildFile; fileRef = 18DC135C21F1FEE100A8436C /* UIView+Extensions.swift */; };
		18DC135F21F2051B00A8436C /* Colors.swift in Sources */ = {isa = PBXBuildFile; fileRef = 18DC135E21F2051B00A8436C /* Colors.swift */; };
		18DC136321F22AAE00A8436C /* DescriptionItemCell.swift in Sources */ = {isa = PBXBuildFile; fileRef = 18DC136121F22AAE00A8436C /* DescriptionItemCell.swift */; };
		18DC136421F22AAE00A8436C /* DescriptionItemCell.xib in Resources */ = {isa = PBXBuildFile; fileRef = 18DC136221F22AAE00A8436C /* DescriptionItemCell.xib */; };
		18DC136721F2AAC500A8436C /* TransactionViewModel.swift in Sources */ = {isa = PBXBuildFile; fileRef = 18DC136621F2AAC500A8436C /* TransactionViewModel.swift */; };
		18DC136921F2AF5F00A8436C /* String+Extensions.swift in Sources */ = {isa = PBXBuildFile; fileRef = 18DC136821F2AF5F00A8436C /* String+Extensions.swift */; };
		18DC136B21F2B39C00A8436C /* TransactionsListViewModel.swift in Sources */ = {isa = PBXBuildFile; fileRef = 18DC136A21F2B39C00A8436C /* TransactionsListViewModel.swift */; };
		18DC136D21F2B9AB00A8436C /* Double+Extensions.swift in Sources */ = {isa = PBXBuildFile; fileRef = 18DC136C21F2B9AB00A8436C /* Double+Extensions.swift */; };
		524F905523C34B18B8842215 /* Pods_TransactionsTests.framework in Frameworks */ = {isa = PBXBuildFile; fileRef = E86EAE2089EA3327EB3A6915 /* Pods_TransactionsTests.framework */; };
		B2517911C15906E625F4695F /* Pods_Transactions.framework in Frameworks */ = {isa = PBXBuildFile; fileRef = 4E41EFDE5C1A86C741ACA784 /* Pods_Transactions.framework */; };
/* End PBXBuildFile section */

/* Begin PBXContainerItemProxy section */
		18AD92DE21EF61BE00C0D0C4 /* PBXContainerItemProxy */ = {
			isa = PBXContainerItemProxy;
			containerPortal = 18AD92C121EF61BC00C0D0C4 /* Project object */;
			proxyType = 1;
			remoteGlobalIDString = 18AD92C821EF61BC00C0D0C4;
			remoteInfo = Transactions;
		};
/* End PBXContainerItemProxy section */

/* Begin PBXFileReference section */
		18AD92C921EF61BD00C0D0C4 /* Transactions.app */ = {isa = PBXFileReference; explicitFileType = wrapper.application; includeInIndex = 0; path = Transactions.app; sourceTree = BUILT_PRODUCTS_DIR; };
		18AD92CC21EF61BD00C0D0C4 /* AppDelegate.swift */ = {isa = PBXFileReference; lastKnownFileType = sourcecode.swift; path = AppDelegate.swift; sourceTree = "<group>"; };
		18AD92D321EF61BE00C0D0C4 /* Assets.xcassets */ = {isa = PBXFileReference; lastKnownFileType = folder.assetcatalog; path = Assets.xcassets; sourceTree = "<group>"; };
		18AD92D621EF61BE00C0D0C4 /* Base */ = {isa = PBXFileReference; lastKnownFileType = file.storyboard; name = Base; path = Base.lproj/LaunchScreen.storyboard; sourceTree = "<group>"; };
		18AD92D821EF61BE00C0D0C4 /* Info.plist */ = {isa = PBXFileReference; lastKnownFileType = text.plist.xml; path = Info.plist; sourceTree = "<group>"; };
		18AD92DD21EF61BE00C0D0C4 /* TransactionsTests.xctest */ = {isa = PBXFileReference; explicitFileType = wrapper.cfbundle; includeInIndex = 0; path = TransactionsTests.xctest; sourceTree = BUILT_PRODUCTS_DIR; };
		18AD92E121EF61BE00C0D0C4 /* TransactionsTests.swift */ = {isa = PBXFileReference; lastKnownFileType = sourcecode.swift; path = TransactionsTests.swift; sourceTree = "<group>"; };
		18AD92E321EF61BE00C0D0C4 /* Info.plist */ = {isa = PBXFileReference; lastKnownFileType = text.plist.xml; path = Info.plist; sourceTree = "<group>"; };
		18AD92F221EF65F300C0D0C4 /* TransactionsListViewController.swift */ = {isa = PBXFileReference; lastKnownFileType = sourcecode.swift; path = TransactionsListViewController.swift; sourceTree = "<group>"; };
		18AD92F321EF65F300C0D0C4 /* TransactionsListViewController.xib */ = {isa = PBXFileReference; lastKnownFileType = file.xib; path = TransactionsListViewController.xib; sourceTree = "<group>"; };
		18AD92F721EF864600C0D0C4 /* BalanceItemCell.swift */ = {isa = PBXFileReference; lastKnownFileType = sourcecode.swift; path = BalanceItemCell.swift; sourceTree = "<group>"; };
		18AD92F821EF864600C0D0C4 /* BalanceItemCell.xib */ = {isa = PBXFileReference; lastKnownFileType = file.xib; path = BalanceItemCell.xib; sourceTree = "<group>"; };
		18AD92FE21F0094F00C0D0C4 /* TransactionsWorker.swift */ = {isa = PBXFileReference; lastKnownFileType = sourcecode.swift; path = TransactionsWorker.swift; sourceTree = "<group>"; };
		18AD930121F09C1500C0D0C4 /* TransactionsAPI.swift */ = {isa = PBXFileReference; lastKnownFileType = sourcecode.swift; path = TransactionsAPI.swift; sourceTree = "<group>"; };
		18AD930321F09C4C00C0D0C4 /* GrenericResponse.swift */ = {isa = PBXFileReference; lastKnownFileType = sourcecode.swift; path = GrenericResponse.swift; sourceTree = "<group>"; };
		18AD930521F09C6E00C0D0C4 /* TransactionsAPIError.swift */ = {isa = PBXFileReference; lastKnownFileType = sourcecode.swift; path = TransactionsAPIError.swift; sourceTree = "<group>"; };
		18AD930821F0B31600C0D0C4 /* Constants.swift */ = {isa = PBXFileReference; lastKnownFileType = sourcecode.swift; path = Constants.swift; sourceTree = "<group>"; };
		18DC133A21F0F72900A8436C /* Transaction.swift */ = {isa = PBXFileReference; lastKnownFileType = sourcecode.swift; path = Transaction.swift; sourceTree = "<group>"; };
		18DC133E21F0FB7600A8436C /* TransactionListInteractor.swift */ = {isa = PBXFileReference; lastKnownFileType = sourcecode.swift; path = TransactionListInteractor.swift; sourceTree = "<group>"; };
		18DC134021F0FEE300A8436C /* TransactionListPresenter.swift */ = {isa = PBXFileReference; lastKnownFileType = sourcecode.swift; path = TransactionListPresenter.swift; sourceTree = "<group>"; };
		18DC134221F1395100A8436C /* TransactionList.swift */ = {isa = PBXFileReference; lastKnownFileType = sourcecode.swift; path = TransactionList.swift; sourceTree = "<group>"; };
		18DC134421F1563000A8436C /* TransactionAppRouter.swift */ = {isa = PBXFileReference; lastKnownFileType = sourcecode.swift; path = TransactionAppRouter.swift; sourceTree = "<group>"; };
		18DC134821F159EC00A8436C /* TransactionDetailsViewController.swift */ = {isa = PBXFileReference; lastKnownFileType = sourcecode.swift; path = TransactionDetailsViewController.swift; sourceTree = "<group>"; };
		18DC134921F159EC00A8436C /* TransactionDetailsViewController.xib */ = {isa = PBXFileReference; lastKnownFileType = file.xib; path = TransactionDetailsViewController.xib; sourceTree = "<group>"; };
		18DC135021F16CCC00A8436C /* ProfileViewController.swift */ = {isa = PBXFileReference; lastKnownFileType = sourcecode.swift; path = ProfileViewController.swift; sourceTree = "<group>"; };
		18DC135121F16CCC00A8436C /* ProfileViewController.xib */ = {isa = PBXFileReference; lastKnownFileType = file.xib; path = ProfileViewController.xib; sourceTree = "<group>"; };
		18DC135421F16FEA00A8436C /* ProfilePresenter.swift */ = {isa = PBXFileReference; lastKnownFileType = sourcecode.swift; path = ProfilePresenter.swift; sourceTree = "<group>"; };
		18DC135721F1707E00A8436C /* UserInfo.swift */ = {isa = PBXFileReference; lastKnownFileType = sourcecode.swift; path = UserInfo.swift; sourceTree = "<group>"; };
		18DC135921F173C100A8436C /* ProfileInteractor.swift */ = {isa = PBXFileReference; lastKnownFileType = sourcecode.swift; path = ProfileInteractor.swift; sourceTree = "<group>"; };
		18DC135C21F1FEE100A8436C /* UIView+Extensions.swift */ = {isa = PBXFileReference; lastKnownFileType = sourcecode.swift; path = "UIView+Extensions.swift"; sourceTree = "<group>"; };
		18DC135E21F2051B00A8436C /* Colors.swift */ = {isa = PBXFileReference; lastKnownFileType = sourcecode.swift; path = Colors.swift; sourceTree = "<group>"; };
		18DC136121F22AAE00A8436C /* DescriptionItemCell.swift */ = {isa = PBXFileReference; lastKnownFileType = sourcecode.swift; path = DescriptionItemCell.swift; sourceTree = "<group>"; };
		18DC136221F22AAE00A8436C /* DescriptionItemCell.xib */ = {isa = PBXFileReference; lastKnownFileType = file.xib; path = DescriptionItemCell.xib; sourceTree = "<group>"; };
		18DC136621F2AAC500A8436C /* TransactionViewModel.swift */ = {isa = PBXFileReference; lastKnownFileType = sourcecode.swift; path = TransactionViewModel.swift; sourceTree = "<group>"; };
		18DC136821F2AF5F00A8436C /* String+Extensions.swift */ = {isa = PBXFileReference; lastKnownFileType = sourcecode.swift; path = "String+Extensions.swift"; sourceTree = "<group>"; };
		18DC136A21F2B39C00A8436C /* TransactionsListViewModel.swift */ = {isa = PBXFileReference; lastKnownFileType = sourcecode.swift; path = TransactionsListViewModel.swift; sourceTree = "<group>"; };
		18DC136C21F2B9AB00A8436C /* Double+Extensions.swift */ = {isa = PBXFileReference; lastKnownFileType = sourcecode.swift; path = "Double+Extensions.swift"; sourceTree = "<group>"; };
		27D35F6C9419B6A044470884 /* Pods-TransactionsTests.debug.xcconfig */ = {isa = PBXFileReference; includeInIndex = 1; lastKnownFileType = text.xcconfig; name = "Pods-TransactionsTests.debug.xcconfig"; path = "Pods/Target Support Files/Pods-TransactionsTests/Pods-TransactionsTests.debug.xcconfig"; sourceTree = "<group>"; };
		4E41EFDE5C1A86C741ACA784 /* Pods_Transactions.framework */ = {isa = PBXFileReference; explicitFileType = wrapper.framework; includeInIndex = 0; path = Pods_Transactions.framework; sourceTree = BUILT_PRODUCTS_DIR; };
		B67280AEECB6B1F79CF15FAF /* Pods-TransactionsTests.release.xcconfig */ = {isa = PBXFileReference; includeInIndex = 1; lastKnownFileType = text.xcconfig; name = "Pods-TransactionsTests.release.xcconfig"; path = "Pods/Target Support Files/Pods-TransactionsTests/Pods-TransactionsTests.release.xcconfig"; sourceTree = "<group>"; };
		C6A1055EAF241A9133C944E2 /* Pods-Transactions.debug.xcconfig */ = {isa = PBXFileReference; includeInIndex = 1; lastKnownFileType = text.xcconfig; name = "Pods-Transactions.debug.xcconfig"; path = "Pods/Target Support Files/Pods-Transactions/Pods-Transactions.debug.xcconfig"; sourceTree = "<group>"; };
		E36A8C23D8108996C3EF3B17 /* Pods-Transactions.release.xcconfig */ = {isa = PBXFileReference; includeInIndex = 1; lastKnownFileType = text.xcconfig; name = "Pods-Transactions.release.xcconfig"; path = "Pods/Target Support Files/Pods-Transactions/Pods-Transactions.release.xcconfig"; sourceTree = "<group>"; };
		E86EAE2089EA3327EB3A6915 /* Pods_TransactionsTests.framework */ = {isa = PBXFileReference; explicitFileType = wrapper.framework; includeInIndex = 0; path = Pods_TransactionsTests.framework; sourceTree = BUILT_PRODUCTS_DIR; };
/* End PBXFileReference section */

/* Begin PBXFrameworksBuildPhase section */
		18AD92C621EF61BC00C0D0C4 /* Frameworks */ = {
			isa = PBXFrameworksBuildPhase;
			buildActionMask = 2147483647;
			files = (
				B2517911C15906E625F4695F /* Pods_Transactions.framework in Frameworks */,
			);
			runOnlyForDeploymentPostprocessing = 0;
		};
		18AD92DA21EF61BE00C0D0C4 /* Frameworks */ = {
			isa = PBXFrameworksBuildPhase;
			buildActionMask = 2147483647;
			files = (
				524F905523C34B18B8842215 /* Pods_TransactionsTests.framework in Frameworks */,
			);
			runOnlyForDeploymentPostprocessing = 0;
		};
/* End PBXFrameworksBuildPhase section */

/* Begin PBXGroup section */
		18AD92C021EF61BC00C0D0C4 = {
			isa = PBXGroup;
			children = (
				18AD92CB21EF61BD00C0D0C4 /* Transactions */,
				18AD92E021EF61BE00C0D0C4 /* TransactionsTests */,
				18AD92CA21EF61BD00C0D0C4 /* Products */,
				239169E0EF82881DE6B4D8EF /* Pods */,
				DCD57D9733159A0CDC3110F1 /* Frameworks */,
			);
			sourceTree = "<group>";
		};
		18AD92CA21EF61BD00C0D0C4 /* Products */ = {
			isa = PBXGroup;
			children = (
				18AD92C921EF61BD00C0D0C4 /* Transactions.app */,
				18AD92DD21EF61BE00C0D0C4 /* TransactionsTests.xctest */,
			);
			name = Products;
			sourceTree = "<group>";
		};
		18AD92CB21EF61BD00C0D0C4 /* Transactions */ = {
			isa = PBXGroup;
			children = (
				18AD930721F0B2FF00C0D0C4 /* Common */,
				18AD92EC21EF64B900C0D0C4 /* AppDelegate */,
				18AD92FB21F0081600C0D0C4 /* Router */,
				18AD92ED21EF651A00C0D0C4 /* Scenes */,
				18AD92FC21F0083000C0D0C4 /* Network */,
				18AD92D321EF61BE00C0D0C4 /* Assets.xcassets */,
				18AD92D521EF61BE00C0D0C4 /* LaunchScreen.storyboard */,
				18AD92D821EF61BE00C0D0C4 /* Info.plist */,
			);
			path = Transactions;
			sourceTree = "<group>";
		};
		18AD92E021EF61BE00C0D0C4 /* TransactionsTests */ = {
			isa = PBXGroup;
			children = (
				18AD92E121EF61BE00C0D0C4 /* TransactionsTests.swift */,
				18AD92E321EF61BE00C0D0C4 /* Info.plist */,
			);
			path = TransactionsTests;
			sourceTree = "<group>";
		};
		18AD92EC21EF64B900C0D0C4 /* AppDelegate */ = {
			isa = PBXGroup;
			children = (
				18AD92CC21EF61BD00C0D0C4 /* AppDelegate.swift */,
			);
			path = AppDelegate;
			sourceTree = "<group>";
		};
		18AD92ED21EF651A00C0D0C4 /* Scenes */ = {
			isa = PBXGroup;
			children = (
				18DC134C21F16C6F00A8436C /* Profile */,
				18DC134621F1597E00A8436C /* TransactionDetails */,
				18AD92EE21EF652D00C0D0C4 /* TransactionsList */,
			);
			path = Scenes;
			sourceTree = "<group>";
		};
		18AD92EE21EF652D00C0D0C4 /* TransactionsList */ = {
			isa = PBXGroup;
			children = (
				18AD92EF21EF654700C0D0C4 /* Interactor */,
				18AD92FD21F0089600C0D0C4 /* Models */,
				18AD92F021EF655300C0D0C4 /* Presenter */,
				18AD92F121EF655B00C0D0C4 /* View */,
			);
			path = TransactionsList;
			sourceTree = "<group>";
		};
		18AD92EF21EF654700C0D0C4 /* Interactor */ = {
			isa = PBXGroup;
			children = (
				18DC133E21F0FB7600A8436C /* TransactionListInteractor.swift */,
			);
			path = Interactor;
			sourceTree = "<group>";
		};
		18AD92F021EF655300C0D0C4 /* Presenter */ = {
			isa = PBXGroup;
			children = (
				18DC134021F0FEE300A8436C /* TransactionListPresenter.swift */,
			);
			path = Presenter;
			sourceTree = "<group>";
		};
		18AD92F121EF655B00C0D0C4 /* View */ = {
			isa = PBXGroup;
			children = (
				18AD92F221EF65F300C0D0C4 /* TransactionsListViewController.swift */,
				18AD92F321EF65F300C0D0C4 /* TransactionsListViewController.xib */,
				18AD92F621EF860500C0D0C4 /* CustomViews */,
			);
			path = View;
			sourceTree = "<group>";
		};
		18AD92F621EF860500C0D0C4 /* CustomViews */ = {
			isa = PBXGroup;
			children = (
				18AD92F721EF864600C0D0C4 /* BalanceItemCell.swift */,
				18AD92F821EF864600C0D0C4 /* BalanceItemCell.xib */,
			);
			path = CustomViews;
			sourceTree = "<group>";
		};
		18AD92FB21F0081600C0D0C4 /* Router */ = {
			isa = PBXGroup;
			children = (
				18DC134421F1563000A8436C /* TransactionAppRouter.swift */,
			);
			path = Router;
			sourceTree = "<group>";
		};
		18AD92FC21F0083000C0D0C4 /* Network */ = {
			isa = PBXGroup;
			children = (
				18AD930021F09A7600C0D0C4 /* Workers */,
				18AD930121F09C1500C0D0C4 /* TransactionsAPI.swift */,
				18AD930321F09C4C00C0D0C4 /* GrenericResponse.swift */,
				18AD930521F09C6E00C0D0C4 /* TransactionsAPIError.swift */,
			);
			path = Network;
			sourceTree = "<group>";
		};
		18AD92FD21F0089600C0D0C4 /* Models */ = {
			isa = PBXGroup;
			children = (
				18DC133A21F0F72900A8436C /* Transaction.swift */,
				18DC134221F1395100A8436C /* TransactionList.swift */,
				18DC136521F2A85D00A8436C /* ViewModels */,
			);
			path = Models;
			sourceTree = "<group>";
		};
		18AD930021F09A7600C0D0C4 /* Workers */ = {
			isa = PBXGroup;
			children = (
				18AD92FE21F0094F00C0D0C4 /* TransactionsWorker.swift */,
			);
			path = Workers;
			sourceTree = "<group>";
		};
		18AD930721F0B2FF00C0D0C4 /* Common */ = {
			isa = PBXGroup;
			children = (
				18DC135B21F1FC8E00A8436C /* Extensions */,
				18AD930821F0B31600C0D0C4 /* Constants.swift */,
				18DC135E21F2051B00A8436C /* Colors.swift */,
			);
			path = Common;
			sourceTree = "<group>";
		};
		18DC134621F1597E00A8436C /* TransactionDetails */ = {
			isa = PBXGroup;
			children = (
				18DC134721F159C200A8436C /* View */,
			);
			path = TransactionDetails;
			sourceTree = "<group>";
		};
		18DC134721F159C200A8436C /* View */ = {
			isa = PBXGroup;
			children = (
				18DC134821F159EC00A8436C /* TransactionDetailsViewController.swift */,
				18DC134921F159EC00A8436C /* TransactionDetailsViewController.xib */,
			);
			path = View;
			sourceTree = "<group>";
		};
		18DC134C21F16C6F00A8436C /* Profile */ = {
			isa = PBXGroup;
			children = (
				18DC135621F1706F00A8436C /* Model */,
				18DC134D21F16C8A00A8436C /* Interactor */,
				18DC134E21F16C9600A8436C /* Presenter */,
				18DC134F21F16C9E00A8436C /* View */,
			);
			path = Profile;
			sourceTree = "<group>";
		};
		18DC134D21F16C8A00A8436C /* Interactor */ = {
			isa = PBXGroup;
			children = (
				18DC135921F173C100A8436C /* ProfileInteractor.swift */,
			);
			path = Interactor;
			sourceTree = "<group>";
		};
		18DC134E21F16C9600A8436C /* Presenter */ = {
			isa = PBXGroup;
			children = (
				18DC135421F16FEA00A8436C /* ProfilePresenter.swift */,
			);
			path = Presenter;
			sourceTree = "<group>";
		};
		18DC134F21F16C9E00A8436C /* View */ = {
			isa = PBXGroup;
			children = (
				18DC135021F16CCC00A8436C /* ProfileViewController.swift */,
				18DC135121F16CCC00A8436C /* ProfileViewController.xib */,
				18DC136021F229B700A8436C /* CustomViews */,
			);
			path = View;
			sourceTree = "<group>";
		};
		18DC135621F1706F00A8436C /* Model */ = {
			isa = PBXGroup;
			children = (
				18DC135721F1707E00A8436C /* UserInfo.swift */,
			);
			path = Model;
			sourceTree = "<group>";
		};
		18DC135B21F1FC8E00A8436C /* Extensions */ = {
			isa = PBXGroup;
			children = (
				18DC135C21F1FEE100A8436C /* UIView+Extensions.swift */,
				18DC136821F2AF5F00A8436C /* String+Extensions.swift */,
				18DC136C21F2B9AB00A8436C /* Double+Extensions.swift */,
			);
			path = Extensions;
			sourceTree = "<group>";
		};
		18DC136021F229B700A8436C /* CustomViews */ = {
			isa = PBXGroup;
			children = (
				18DC136121F22AAE00A8436C /* DescriptionItemCell.swift */,
				18DC136221F22AAE00A8436C /* DescriptionItemCell.xib */,
			);
			path = CustomViews;
			sourceTree = "<group>";
		};
		18DC136521F2A85D00A8436C /* ViewModels */ = {
			isa = PBXGroup;
			children = (
				18DC136621F2AAC500A8436C /* TransactionViewModel.swift */,
				18DC136A21F2B39C00A8436C /* TransactionsListViewModel.swift */,
			);
			path = ViewModels;
			sourceTree = "<group>";
		};
		239169E0EF82881DE6B4D8EF /* Pods */ = {
			isa = PBXGroup;
			children = (
				C6A1055EAF241A9133C944E2 /* Pods-Transactions.debug.xcconfig */,
				E36A8C23D8108996C3EF3B17 /* Pods-Transactions.release.xcconfig */,
				27D35F6C9419B6A044470884 /* Pods-TransactionsTests.debug.xcconfig */,
				B67280AEECB6B1F79CF15FAF /* Pods-TransactionsTests.release.xcconfig */,
			);
			name = Pods;
			sourceTree = "<group>";
		};
		DCD57D9733159A0CDC3110F1 /* Frameworks */ = {
			isa = PBXGroup;
			children = (
				4E41EFDE5C1A86C741ACA784 /* Pods_Transactions.framework */,
				E86EAE2089EA3327EB3A6915 /* Pods_TransactionsTests.framework */,
			);
			name = Frameworks;
			sourceTree = "<group>";
		};
/* End PBXGroup section */

/* Begin PBXNativeTarget section */
		18AD92C821EF61BC00C0D0C4 /* Transactions */ = {
			isa = PBXNativeTarget;
			buildConfigurationList = 18AD92E621EF61BE00C0D0C4 /* Build configuration list for PBXNativeTarget "Transactions" */;
			buildPhases = (
				DC6CF7E3D7F9A918E1B92442 /* [CP] Check Pods Manifest.lock */,
				18AD92C521EF61BC00C0D0C4 /* Sources */,
				18AD92C621EF61BC00C0D0C4 /* Frameworks */,
				18AD92C721EF61BC00C0D0C4 /* Resources */,
				CA7B8BC0BEBE453DFCDA9E7B /* [CP] Embed Pods Frameworks */,
			);
			buildRules = (
			);
			dependencies = (
			);
			name = Transactions;
			productName = Transactions;
			productReference = 18AD92C921EF61BD00C0D0C4 /* Transactions.app */;
			productType = "com.apple.product-type.application";
		};
		18AD92DC21EF61BE00C0D0C4 /* TransactionsTests */ = {
			isa = PBXNativeTarget;
			buildConfigurationList = 18AD92E921EF61BE00C0D0C4 /* Build configuration list for PBXNativeTarget "TransactionsTests" */;
			buildPhases = (
				B6B1719CC997D62378D751BA /* [CP] Check Pods Manifest.lock */,
				18AD92D921EF61BE00C0D0C4 /* Sources */,
				18AD92DA21EF61BE00C0D0C4 /* Frameworks */,
				18AD92DB21EF61BE00C0D0C4 /* Resources */,
			);
			buildRules = (
			);
			dependencies = (
				18AD92DF21EF61BE00C0D0C4 /* PBXTargetDependency */,
			);
			name = TransactionsTests;
			productName = TransactionsTests;
			productReference = 18AD92DD21EF61BE00C0D0C4 /* TransactionsTests.xctest */;
			productType = "com.apple.product-type.bundle.unit-test";
		};
/* End PBXNativeTarget section */

/* Begin PBXProject section */
		18AD92C121EF61BC00C0D0C4 /* Project object */ = {
			isa = PBXProject;
			attributes = {
				LastSwiftUpdateCheck = 1010;
				LastUpgradeCheck = 1010;
				ORGANIZATIONNAME = "Thiago Santiago";
				TargetAttributes = {
					18AD92C821EF61BC00C0D0C4 = {
						CreatedOnToolsVersion = 10.1;
					};
					18AD92DC21EF61BE00C0D0C4 = {
						CreatedOnToolsVersion = 10.1;
						TestTargetID = 18AD92C821EF61BC00C0D0C4;
					};
				};
			};
			buildConfigurationList = 18AD92C421EF61BC00C0D0C4 /* Build configuration list for PBXProject "Transactions" */;
			compatibilityVersion = "Xcode 9.3";
			developmentRegion = en;
			hasScannedForEncodings = 0;
			knownRegions = (
				en,
				Base,
			);
			mainGroup = 18AD92C021EF61BC00C0D0C4;
			productRefGroup = 18AD92CA21EF61BD00C0D0C4 /* Products */;
			projectDirPath = "";
			projectRoot = "";
			targets = (
				18AD92C821EF61BC00C0D0C4 /* Transactions */,
				18AD92DC21EF61BE00C0D0C4 /* TransactionsTests */,
			);
		};
/* End PBXProject section */

/* Begin PBXResourcesBuildPhase section */
		18AD92C721EF61BC00C0D0C4 /* Resources */ = {
			isa = PBXResourcesBuildPhase;
			buildActionMask = 2147483647;
			files = (
				18DC136421F22AAE00A8436C /* DescriptionItemCell.xib in Resources */,
				18DC135321F16CCC00A8436C /* ProfileViewController.xib in Resources */,
				18AD92D721EF61BE00C0D0C4 /* LaunchScreen.storyboard in Resources */,
				18AD92FA21EF864600C0D0C4 /* BalanceItemCell.xib in Resources */,
				18AD92F521EF65F300C0D0C4 /* TransactionsListViewController.xib in Resources */,
				18AD92D421EF61BE00C0D0C4 /* Assets.xcassets in Resources */,
				18DC134B21F159EC00A8436C /* TransactionDetailsViewController.xib in Resources */,
			);
			runOnlyForDeploymentPostprocessing = 0;
		};
		18AD92DB21EF61BE00C0D0C4 /* Resources */ = {
			isa = PBXResourcesBuildPhase;
			buildActionMask = 2147483647;
			files = (
			);
			runOnlyForDeploymentPostprocessing = 0;
		};
/* End PBXResourcesBuildPhase section */

/* Begin PBXShellScriptBuildPhase section */
		B6B1719CC997D62378D751BA /* [CP] Check Pods Manifest.lock */ = {
			isa = PBXShellScriptBuildPhase;
			buildActionMask = 2147483647;
			files = (
			);
			inputPaths = (
				"${PODS_PODFILE_DIR_PATH}/Podfile.lock",
				"${PODS_ROOT}/Manifest.lock",
			);
			name = "[CP] Check Pods Manifest.lock";
			outputPaths = (
				"$(DERIVED_FILE_DIR)/Pods-TransactionsTests-checkManifestLockResult.txt",
			);
			runOnlyForDeploymentPostprocessing = 0;
			shellPath = /bin/sh;
			shellScript = "diff \"${PODS_PODFILE_DIR_PATH}/Podfile.lock\" \"${PODS_ROOT}/Manifest.lock\" > /dev/null\nif [ $? != 0 ] ; then\n    # print error to STDERR\n    echo \"error: The sandbox is not in sync with the Podfile.lock. Run 'pod install' or update your CocoaPods installation.\" >&2\n    exit 1\nfi\n# This output is used by Xcode 'outputs' to avoid re-running this script phase.\necho \"SUCCESS\" > \"${SCRIPT_OUTPUT_FILE_0}\"\n";
			showEnvVarsInLog = 0;
		};
		CA7B8BC0BEBE453DFCDA9E7B /* [CP] Embed Pods Frameworks */ = {
			isa = PBXShellScriptBuildPhase;
			buildActionMask = 2147483647;
			files = (
			);
			inputPaths = (
				"${SRCROOT}/Pods/Target Support Files/Pods-Transactions/Pods-Transactions-frameworks.sh",
				"${BUILT_PRODUCTS_DIR}/Alamofire/Alamofire.framework",
			);
			name = "[CP] Embed Pods Frameworks";
			outputPaths = (
				"${TARGET_BUILD_DIR}/${FRAMEWORKS_FOLDER_PATH}/Alamofire.framework",
			);
			runOnlyForDeploymentPostprocessing = 0;
			shellPath = /bin/sh;
			shellScript = "\"${SRCROOT}/Pods/Target Support Files/Pods-Transactions/Pods-Transactions-frameworks.sh\"\n";
			showEnvVarsInLog = 0;
		};
		DC6CF7E3D7F9A918E1B92442 /* [CP] Check Pods Manifest.lock */ = {
			isa = PBXShellScriptBuildPhase;
			buildActionMask = 2147483647;
			files = (
			);
			inputPaths = (
				"${PODS_PODFILE_DIR_PATH}/Podfile.lock",
				"${PODS_ROOT}/Manifest.lock",
			);
			name = "[CP] Check Pods Manifest.lock";
			outputPaths = (
				"$(DERIVED_FILE_DIR)/Pods-Transactions-checkManifestLockResult.txt",
			);
			runOnlyForDeploymentPostprocessing = 0;
			shellPath = /bin/sh;
			shellScript = "diff \"${PODS_PODFILE_DIR_PATH}/Podfile.lock\" \"${PODS_ROOT}/Manifest.lock\" > /dev/null\nif [ $? != 0 ] ; then\n    # print error to STDERR\n    echo \"error: The sandbox is not in sync with the Podfile.lock. Run 'pod install' or update your CocoaPods installation.\" >&2\n    exit 1\nfi\n# This output is used by Xcode 'outputs' to avoid re-running this script phase.\necho \"SUCCESS\" > \"${SCRIPT_OUTPUT_FILE_0}\"\n";
			showEnvVarsInLog = 0;
		};
/* End PBXShellScriptBuildPhase section */

/* Begin PBXSourcesBuildPhase section */
		18AD92C521EF61BC00C0D0C4 /* Sources */ = {
			isa = PBXSourcesBuildPhase;
			buildActionMask = 2147483647;
			files = (
				18AD92CD21EF61BD00C0D0C4 /* AppDelegate.swift in Sources */,
				18DC135F21F2051B00A8436C /* Colors.swift in Sources */,
				18AD930621F09C6E00C0D0C4 /* TransactionsAPIError.swift in Sources */,
				18AD930421F09C4C00C0D0C4 /* GrenericResponse.swift in Sources */,
				18AD92F921EF864600C0D0C4 /* BalanceItemCell.swift in Sources */,
				18AD92FF21F0094F00C0D0C4 /* TransactionsWorker.swift in Sources */,
				18DC135821F1707E00A8436C /* UserInfo.swift in Sources */,
				18DC133F21F0FB7600A8436C /* TransactionListInteractor.swift in Sources */,
				18DC134A21F159EC00A8436C /* TransactionDetailsViewController.swift in Sources */,
				18DC134121F0FEE300A8436C /* TransactionListPresenter.swift in Sources */,
				18AD92F421EF65F300C0D0C4 /* TransactionsListViewController.swift in Sources */,
				18DC136B21F2B39C00A8436C /* TransactionsListViewModel.swift in Sources */,
				18AD930221F09C1500C0D0C4 /* TransactionsAPI.swift in Sources */,
				18DC135521F16FEA00A8436C /* ProfilePresenter.swift in Sources */,
				18DC135D21F1FEE100A8436C /* UIView+Extensions.swift in Sources */,
				18AD930921F0B31600C0D0C4 /* Constants.swift in Sources */,
				18DC134321F1395100A8436C /* TransactionList.swift in Sources */,
				18DC135221F16CCC00A8436C /* ProfileViewController.swift in Sources */,
				18DC136721F2AAC500A8436C /* TransactionViewModel.swift in Sources */,
				18DC136D21F2B9AB00A8436C /* Double+Extensions.swift in Sources */,
				18DC136321F22AAE00A8436C /* DescriptionItemCell.swift in Sources */,
				18DC136921F2AF5F00A8436C /* String+Extensions.swift in Sources */,
				18DC134521F1563000A8436C /* TransactionAppRouter.swift in Sources */,
				18DC135A21F173C100A8436C /* ProfileInteractor.swift in Sources */,
				18DC133B21F0F72900A8436C /* Transaction.swift in Sources */,
			);
			runOnlyForDeploymentPostprocessing = 0;
		};
		18AD92D921EF61BE00C0D0C4 /* Sources */ = {
			isa = PBXSourcesBuildPhase;
			buildActionMask = 2147483647;
			files = (
				18AD92E221EF61BE00C0D0C4 /* TransactionsTests.swift in Sources */,
			);
			runOnlyForDeploymentPostprocessing = 0;
		};
/* End PBXSourcesBuildPhase section */

/* Begin PBXTargetDependency section */
		18AD92DF21EF61BE00C0D0C4 /* PBXTargetDependency */ = {
			isa = PBXTargetDependency;
			target = 18AD92C821EF61BC00C0D0C4 /* Transactions */;
			targetProxy = 18AD92DE21EF61BE00C0D0C4 /* PBXContainerItemProxy */;
		};
/* End PBXTargetDependency section */

/* Begin PBXVariantGroup section */
		18AD92D521EF61BE00C0D0C4 /* LaunchScreen.storyboard */ = {
			isa = PBXVariantGroup;
			children = (
				18AD92D621EF61BE00C0D0C4 /* Base */,
			);
			name = LaunchScreen.storyboard;
			sourceTree = "<group>";
		};
/* End PBXVariantGroup section */

/* Begin XCBuildConfiguration section */
		18AD92E421EF61BE00C0D0C4 /* Debug */ = {
			isa = XCBuildConfiguration;
			buildSettings = {
				ALWAYS_SEARCH_USER_PATHS = NO;
				CLANG_ANALYZER_NONNULL = YES;
				CLANG_ANALYZER_NUMBER_OBJECT_CONVERSION = YES_AGGRESSIVE;
				CLANG_CXX_LANGUAGE_STANDARD = "gnu++14";
				CLANG_CXX_LIBRARY = "libc++";
				CLANG_ENABLE_MODULES = YES;
				CLANG_ENABLE_OBJC_ARC = YES;
				CLANG_ENABLE_OBJC_WEAK = YES;
				CLANG_WARN_BLOCK_CAPTURE_AUTORELEASING = YES;
				CLANG_WARN_BOOL_CONVERSION = YES;
				CLANG_WARN_COMMA = YES;
				CLANG_WARN_CONSTANT_CONVERSION = YES;
				CLANG_WARN_DEPRECATED_OBJC_IMPLEMENTATIONS = YES;
				CLANG_WARN_DIRECT_OBJC_ISA_USAGE = YES_ERROR;
				CLANG_WARN_DOCUMENTATION_COMMENTS = YES;
				CLANG_WARN_EMPTY_BODY = YES;
				CLANG_WARN_ENUM_CONVERSION = YES;
				CLANG_WARN_INFINITE_RECURSION = YES;
				CLANG_WARN_INT_CONVERSION = YES;
				CLANG_WARN_NON_LITERAL_NULL_CONVERSION = YES;
				CLANG_WARN_OBJC_IMPLICIT_RETAIN_SELF = YES;
				CLANG_WARN_OBJC_LITERAL_CONVERSION = YES;
				CLANG_WARN_OBJC_ROOT_CLASS = YES_ERROR;
				CLANG_WARN_RANGE_LOOP_ANALYSIS = YES;
				CLANG_WARN_STRICT_PROTOTYPES = YES;
				CLANG_WARN_SUSPICIOUS_MOVE = YES;
				CLANG_WARN_UNGUARDED_AVAILABILITY = YES_AGGRESSIVE;
				CLANG_WARN_UNREACHABLE_CODE = YES;
				CLANG_WARN__DUPLICATE_METHOD_MATCH = YES;
				CODE_SIGN_IDENTITY = "iPhone Developer";
				COPY_PHASE_STRIP = NO;
				DEBUG_INFORMATION_FORMAT = dwarf;
				ENABLE_STRICT_OBJC_MSGSEND = YES;
				ENABLE_TESTABILITY = YES;
				GCC_C_LANGUAGE_STANDARD = gnu11;
				GCC_DYNAMIC_NO_PIC = NO;
				GCC_NO_COMMON_BLOCKS = YES;
				GCC_OPTIMIZATION_LEVEL = 0;
				GCC_PREPROCESSOR_DEFINITIONS = (
					"DEBUG=1",
					"$(inherited)",
				);
				GCC_WARN_64_TO_32_BIT_CONVERSION = YES;
				GCC_WARN_ABOUT_RETURN_TYPE = YES_ERROR;
				GCC_WARN_UNDECLARED_SELECTOR = YES;
				GCC_WARN_UNINITIALIZED_AUTOS = YES_AGGRESSIVE;
				GCC_WARN_UNUSED_FUNCTION = YES;
				GCC_WARN_UNUSED_VARIABLE = YES;
				IPHONEOS_DEPLOYMENT_TARGET = 12.1;
				MTL_ENABLE_DEBUG_INFO = INCLUDE_SOURCE;
				MTL_FAST_MATH = YES;
				ONLY_ACTIVE_ARCH = YES;
				SDKROOT = iphoneos;
				SWIFT_ACTIVE_COMPILATION_CONDITIONS = DEBUG;
				SWIFT_OPTIMIZATION_LEVEL = "-Onone";
			};
			name = Debug;
		};
		18AD92E521EF61BE00C0D0C4 /* Release */ = {
			isa = XCBuildConfiguration;
			buildSettings = {
				ALWAYS_SEARCH_USER_PATHS = NO;
				CLANG_ANALYZER_NONNULL = YES;
				CLANG_ANALYZER_NUMBER_OBJECT_CONVERSION = YES_AGGRESSIVE;
				CLANG_CXX_LANGUAGE_STANDARD = "gnu++14";
				CLANG_CXX_LIBRARY = "libc++";
				CLANG_ENABLE_MODULES = YES;
				CLANG_ENABLE_OBJC_ARC = YES;
				CLANG_ENABLE_OBJC_WEAK = YES;
				CLANG_WARN_BLOCK_CAPTURE_AUTORELEASING = YES;
				CLANG_WARN_BOOL_CONVERSION = YES;
				CLANG_WARN_COMMA = YES;
				CLANG_WARN_CONSTANT_CONVERSION = YES;
				CLANG_WARN_DEPRECATED_OBJC_IMPLEMENTATIONS = YES;
				CLANG_WARN_DIRECT_OBJC_ISA_USAGE = YES_ERROR;
				CLANG_WARN_DOCUMENTATION_COMMENTS = YES;
				CLANG_WARN_EMPTY_BODY = YES;
				CLANG_WARN_ENUM_CONVERSION = YES;
				CLANG_WARN_INFINITE_RECURSION = YES;
				CLANG_WARN_INT_CONVERSION = YES;
				CLANG_WARN_NON_LITERAL_NULL_CONVERSION = YES;
				CLANG_WARN_OBJC_IMPLICIT_RETAIN_SELF = YES;
				CLANG_WARN_OBJC_LITERAL_CONVERSION = YES;
				CLANG_WARN_OBJC_ROOT_CLASS = YES_ERROR;
				CLANG_WARN_RANGE_LOOP_ANALYSIS = YES;
				CLANG_WARN_STRICT_PROTOTYPES = YES;
				CLANG_WARN_SUSPICIOUS_MOVE = YES;
				CLANG_WARN_UNGUARDED_AVAILABILITY = YES_AGGRESSIVE;
				CLANG_WARN_UNREACHABLE_CODE = YES;
				CLANG_WARN__DUPLICATE_METHOD_MATCH = YES;
				CODE_SIGN_IDENTITY = "iPhone Developer";
				COPY_PHASE_STRIP = NO;
				DEBUG_INFORMATION_FORMAT = "dwarf-with-dsym";
				ENABLE_NS_ASSERTIONS = NO;
				ENABLE_STRICT_OBJC_MSGSEND = YES;
				GCC_C_LANGUAGE_STANDARD = gnu11;
				GCC_NO_COMMON_BLOCKS = YES;
				GCC_WARN_64_TO_32_BIT_CONVERSION = YES;
				GCC_WARN_ABOUT_RETURN_TYPE = YES_ERROR;
				GCC_WARN_UNDECLARED_SELECTOR = YES;
				GCC_WARN_UNINITIALIZED_AUTOS = YES_AGGRESSIVE;
				GCC_WARN_UNUSED_FUNCTION = YES;
				GCC_WARN_UNUSED_VARIABLE = YES;
				IPHONEOS_DEPLOYMENT_TARGET = 12.1;
				MTL_ENABLE_DEBUG_INFO = NO;
				MTL_FAST_MATH = YES;
				SDKROOT = iphoneos;
				SWIFT_COMPILATION_MODE = wholemodule;
				SWIFT_OPTIMIZATION_LEVEL = "-O";
				VALIDATE_PRODUCT = YES;
			};
			name = Release;
		};
		18AD92E721EF61BE00C0D0C4 /* Debug */ = {
			isa = XCBuildConfiguration;
			baseConfigurationReference = C6A1055EAF241A9133C944E2 /* Pods-Transactions.debug.xcconfig */;
			buildSettings = {
				ASSETCATALOG_COMPILER_APPICON_NAME = AppIcon;
				CODE_SIGN_STYLE = Automatic;
				DEVELOPMENT_TEAM = C247LTFS54;
				INFOPLIST_FILE = Transactions/Info.plist;
				LD_RUNPATH_SEARCH_PATHS = (
					"$(inherited)",
					"@executable_path/Frameworks",
				);
				PRODUCT_BUNDLE_IDENTIFIER = br.com.thiago.Transactions;
				PRODUCT_NAME = "$(TARGET_NAME)";
				SWIFT_VERSION = 4.2;
				TARGETED_DEVICE_FAMILY = "1,2";
			};
			name = Debug;
		};
		18AD92E821EF61BE00C0D0C4 /* Release */ = {
			isa = XCBuildConfiguration;
			baseConfigurationReference = E36A8C23D8108996C3EF3B17 /* Pods-Transactions.release.xcconfig */;
			buildSettings = {
				ASSETCATALOG_COMPILER_APPICON_NAME = AppIcon;
				CODE_SIGN_STYLE = Automatic;
				DEVELOPMENT_TEAM = C247LTFS54;
				INFOPLIST_FILE = Transactions/Info.plist;
				LD_RUNPATH_SEARCH_PATHS = (
					"$(inherited)",
					"@executable_path/Frameworks",
				);
				PRODUCT_BUNDLE_IDENTIFIER = br.com.thiago.Transactions;
				PRODUCT_NAME = "$(TARGET_NAME)";
				SWIFT_VERSION = 4.2;
				TARGETED_DEVICE_FAMILY = "1,2";
			};
			name = Release;
		};
		18AD92EA21EF61BE00C0D0C4 /* Debug */ = {
			isa = XCBuildConfiguration;
			baseConfigurationReference = 27D35F6C9419B6A044470884 /* Pods-TransactionsTests.debug.xcconfig */;
			buildSettings = {
				ALWAYS_EMBED_SWIFT_STANDARD_LIBRARIES = YES;
				BUNDLE_LOADER = "$(TEST_HOST)";
				CODE_SIGN_STYLE = Automatic;
				DEVELOPMENT_TEAM = C247LTFS54;
				INFOPLIST_FILE = TransactionsTests/Info.plist;
				LD_RUNPATH_SEARCH_PATHS = (
					"$(inherited)",
					"@executable_path/Frameworks",
					"@loader_path/Frameworks",
				);
				PRODUCT_BUNDLE_IDENTIFIER = br.com.thiago.TransactionsTests;
				PRODUCT_NAME = "$(TARGET_NAME)";
				SWIFT_VERSION = 4.2;
				TARGETED_DEVICE_FAMILY = "1,2";
				TEST_HOST = "$(BUILT_PRODUCTS_DIR)/Transactions.app/Transactions";
			};
			name = Debug;
		};
		18AD92EB21EF61BE00C0D0C4 /* Release */ = {
			isa = XCBuildConfiguration;
			baseConfigurationReference = B67280AEECB6B1F79CF15FAF /* Pods-TransactionsTests.release.xcconfig */;
			buildSettings = {
				ALWAYS_EMBED_SWIFT_STANDARD_LIBRARIES = YES;
				BUNDLE_LOADER = "$(TEST_HOST)";
				CODE_SIGN_STYLE = Automatic;
				DEVELOPMENT_TEAM = C247LTFS54;
				INFOPLIST_FILE = TransactionsTests/Info.plist;
				LD_RUNPATH_SEARCH_PATHS = (
					"$(inherited)",
					"@executable_path/Frameworks",
					"@loader_path/Frameworks",
				);
				PRODUCT_BUNDLE_IDENTIFIER = br.com.thiago.TransactionsTests;
				PRODUCT_NAME = "$(TARGET_NAME)";
				SWIFT_VERSION = 4.2;
				TARGETED_DEVICE_FAMILY = "1,2";
				TEST_HOST = "$(BUILT_PRODUCTS_DIR)/Transactions.app/Transactions";
			};
			name = Release;
		};
/* End XCBuildConfiguration section */

/* Begin XCConfigurationList section */
		18AD92C421EF61BC00C0D0C4 /* Build configuration list for PBXProject "Transactions" */ = {
			isa = XCConfigurationList;
			buildConfigurations = (
				18AD92E421EF61BE00C0D0C4 /* Debug */,
				18AD92E521EF61BE00C0D0C4 /* Release */,
			);
			defaultConfigurationIsVisible = 0;
			defaultConfigurationName = Release;
		};
		18AD92E621EF61BE00C0D0C4 /* Build configuration list for PBXNativeTarget "Transactions" */ = {
			isa = XCConfigurationList;
			buildConfigurations = (
				18AD92E721EF61BE00C0D0C4 /* Debug */,
				18AD92E821EF61BE00C0D0C4 /* Release */,
			);
			defaultConfigurationIsVisible = 0;
			defaultConfigurationName = Release;
		};
		18AD92E921EF61BE00C0D0C4 /* Build configuration list for PBXNativeTarget "TransactionsTests" */ = {
			isa = XCConfigurationList;
			buildConfigurations = (
				18AD92EA21EF61BE00C0D0C4 /* Debug */,
				18AD92EB21EF61BE00C0D0C4 /* Release */,
			);
			defaultConfigurationIsVisible = 0;
			defaultConfigurationName = Release;
		};
/* End XCConfigurationList section */
	};
	rootObject = 18AD92C121EF61BC00C0D0C4 /* Project object */;
}
